
Microsoft Visual Studio Solution File, Format Version 12.00
# Visual Studio 2012
Project("{FAE04EC0-301F-11D3-BF4B-00C04F79EFBC}") = "ClydesdaleMon", "ClydesdaleMon\ClydesdaleMon.csproj", "{9EB77ADC-F68A-4FC7-B8B8-B1CC695B8287}"
EndProject
Global
	GlobalSection(SolutionConfigurationPlatforms) = preSolution
		Debug|Any CPU = Debug|Any CPU
		Release|Any CPU = Release|Any CPU
	EndGlobalSection
	GlobalSection(ProjectConfigurationPlatforms) = postSolution
		{9EB77ADC-F68A-4FC7-B8B8-B1CC695B8287}.Debug|Any CPU.ActiveCfg = Debug|Any CPU
		{9EB77ADC-F68A-4FC7-B8B8-B1CC695B8287}.Debug|Any CPU.Build.0 = Debug|Any CPU
		{9EB77ADC-F68A-4FC7-B8B8-B1CC695B8287}.Release|Any CPU.ActiveCfg = Release|Any CPU
		{9EB77ADC-F68A-4FC7-B8B8-B1CC695B8287}.Release|Any CPU.Build.0 = Release|Any CPU
	EndGlobalSection
	GlobalSection(SolutionProperties) = preSolution
		HideSolutionNode = FALSE
	EndGlobalSection
EndGlobal
